# This file is automatically @generated by Wally.
# It is not intended for manual editing.
registry = "test"

[[package]]
name = "jaipack17/nature2d"
version = "0.7.1"
dependencies = []

[[package]]
name = "potato/teamchanger"
version = "0.1.0"
dependencies = [["nature2d", "jaipack17/nature2d@0.7.1"]]
